
Microsoft Visual Studio Solution File, Format Version 12.00
# Visual Studio 14
VisualStudioVersion = 14.0.23107.0
MinimumVisualStudioVersion = 10.0.40219.1
Project("{159641D6-6404-4A2A-AE62-294DE0FE8301}") = "Updating_RbR_VS_Collection", "Updating_RbR_VS_Collection\Updating_RbR_VS_Collection.dtproj", "{F9914AEE-E2FD-48AB-B9D9-ECE2889F86FE}"
EndProject
Global
	GlobalSection(SolutionConfigurationPlatforms) = preSolution
		Development|Default = Development|Default
	EndGlobalSection
	GlobalSection(ProjectConfigurationPlatforms) = postSolution
		{F9914AEE-E2FD-48AB-B9D9-ECE2889F86FE}.Development|Default.ActiveCfg = Development
		{F9914AEE-E2FD-48AB-B9D9-ECE2889F86FE}.Development|Default.Build.0 = Development
	EndGlobalSection
	GlobalSection(SolutionProperties) = preSolution
		HideSolutionNode = FALSE
	EndGlobalSection
EndGlobal
